
Microsoft Visual Studio Solution File, Format Version 12.00
# Visual Studio Version 17
VisualStudioVersion = 17.3.32929.385
MinimumVisualStudioVersion = 10.0.40219.1
Project("{FAE04EC0-301F-11D3-BF4B-00C04F79EFBC}") = "Controles", "Controles\Controles.csproj", "{6CBC9EE8-4587-4203-B7C1-68865F1A3904}"
EndProject
Global
	GlobalSection(SolutionConfigurationPlatforms) = preSolution
		Debug|Any CPU = Debug|Any CPU
		Release|Any CPU = Release|Any CPU
	EndGlobalSection
	GlobalSection(ProjectConfigurationPlatforms) = postSolution
		{6CBC9EE8-4587-4203-B7C1-68865F1A3904}.Debug|Any CPU.ActiveCfg = Debug|Any CPU
		{6CBC9EE8-4587-4203-B7C1-68865F1A3904}.Debug|Any CPU.Build.0 = Debug|Any CPU
		{6CBC9EE8-4587-4203-B7C1-68865F1A3904}.Release|Any CPU.ActiveCfg = Release|Any CPU
		{6CBC9EE8-4587-4203-B7C1-68865F1A3904}.Release|Any CPU.Build.0 = Release|Any CPU
	EndGlobalSection
	GlobalSection(SolutionProperties) = preSolution
		HideSolutionNode = FALSE
	EndGlobalSection
	GlobalSection(ExtensibilityGlobals) = postSolution
		SolutionGuid = {6DE0A57C-960E-47F2-A16C-9C2DEC682E25}
	EndGlobalSection
EndGlobal
