
Microsoft Visual Studio Solution File, Format Version 12.00
# Visual Studio Version 17
VisualStudioVersion = 17.3.32929.385
MinimumVisualStudioVersion = 10.0.40219.1
Project("{FAE04EC0-301F-11D3-BF4B-00C04F79EFBC}") = "ExamenASPIvanAlonso", "ExamenASPIvanAlonso\ExamenASPIvanAlonso.csproj", "{406CA645-3F8F-45A3-9445-72397D54B6DD}"
EndProject
Global
	GlobalSection(SolutionConfigurationPlatforms) = preSolution
		Debug|Any CPU = Debug|Any CPU
		Release|Any CPU = Release|Any CPU
	EndGlobalSection
	GlobalSection(ProjectConfigurationPlatforms) = postSolution
		{406CA645-3F8F-45A3-9445-72397D54B6DD}.Debug|Any CPU.ActiveCfg = Debug|Any CPU
		{406CA645-3F8F-45A3-9445-72397D54B6DD}.Debug|Any CPU.Build.0 = Debug|Any CPU
		{406CA645-3F8F-45A3-9445-72397D54B6DD}.Release|Any CPU.ActiveCfg = Release|Any CPU
		{406CA645-3F8F-45A3-9445-72397D54B6DD}.Release|Any CPU.Build.0 = Release|Any CPU
	EndGlobalSection
	GlobalSection(SolutionProperties) = preSolution
		HideSolutionNode = FALSE
	EndGlobalSection
	GlobalSection(ExtensibilityGlobals) = postSolution
		SolutionGuid = {99B6F031-FE6C-4596-815F-4B912BE293BD}
	EndGlobalSection
EndGlobal
