
Microsoft Visual Studio Solution File, Format Version 12.00
# Visual Studio Version 17
VisualStudioVersion = 17.3.32922.545
MinimumVisualStudioVersion = 10.0.40219.1
Project("{FAE04EC0-301F-11D3-BF4B-00C04F79EFBC}") = "WebApplication1", "WebApplication1\WebApplication1.csproj", "{89DE510E-883B-412E-95AA-55FBB74D6C2C}"
EndProject
Global
	GlobalSection(SolutionConfigurationPlatforms) = preSolution
		Debug|Any CPU = Debug|Any CPU
		Release|Any CPU = Release|Any CPU
	EndGlobalSection
	GlobalSection(ProjectConfigurationPlatforms) = postSolution
		{89DE510E-883B-412E-95AA-55FBB74D6C2C}.Debug|Any CPU.ActiveCfg = Debug|Any CPU
		{89DE510E-883B-412E-95AA-55FBB74D6C2C}.Debug|Any CPU.Build.0 = Debug|Any CPU
		{89DE510E-883B-412E-95AA-55FBB74D6C2C}.Release|Any CPU.ActiveCfg = Release|Any CPU
		{89DE510E-883B-412E-95AA-55FBB74D6C2C}.Release|Any CPU.Build.0 = Release|Any CPU
	EndGlobalSection
	GlobalSection(SolutionProperties) = preSolution
		HideSolutionNode = FALSE
	EndGlobalSection
	GlobalSection(ExtensibilityGlobals) = postSolution
		SolutionGuid = {9B6BEEB5-BB6A-4608-88A9-CBE94D9A66D1}
	EndGlobalSection
EndGlobal
