
Microsoft Visual Studio Solution File, Format Version 12.00
# Visual Studio Version 17
VisualStudioVersion = 17.3.32922.545
MinimumVisualStudioVersion = 10.0.40219.1
Project("{FAE04EC0-301F-11D3-BF4B-00C04F79EFBC}") = "EntityParte1", "EntityParte1\EntityParte1.csproj", "{9E1B09FC-B2A3-4CCE-8552-B8E24064CA80}"
EndProject
Global
	GlobalSection(SolutionConfigurationPlatforms) = preSolution
		Debug|Any CPU = Debug|Any CPU
		Release|Any CPU = Release|Any CPU
	EndGlobalSection
	GlobalSection(ProjectConfigurationPlatforms) = postSolution
		{9E1B09FC-B2A3-4CCE-8552-B8E24064CA80}.Debug|Any CPU.ActiveCfg = Debug|Any CPU
		{9E1B09FC-B2A3-4CCE-8552-B8E24064CA80}.Debug|Any CPU.Build.0 = Debug|Any CPU
		{9E1B09FC-B2A3-4CCE-8552-B8E24064CA80}.Release|Any CPU.ActiveCfg = Release|Any CPU
		{9E1B09FC-B2A3-4CCE-8552-B8E24064CA80}.Release|Any CPU.Build.0 = Release|Any CPU
	EndGlobalSection
	GlobalSection(SolutionProperties) = preSolution
		HideSolutionNode = FALSE
	EndGlobalSection
	GlobalSection(ExtensibilityGlobals) = postSolution
		SolutionGuid = {8C17B5C6-AC52-4474-A56F-413A0E72A604}
	EndGlobalSection
EndGlobal
