
Microsoft Visual Studio Solution File, Format Version 12.00
# Visual Studio Version 17
VisualStudioVersion = 17.2.32526.322
MinimumVisualStudioVersion = 10.0.40219.1
Project("{FAE04EC0-301F-11D3-BF4B-00C04F79EFBC}") = "Tienda_productos", "Tienda_productos\Tienda_productos.csproj", "{C04E9982-55E6-463E-BB2C-B8B3F995B8FA}"
EndProject
Project("{FAE04EC0-301F-11D3-BF4B-00C04F79EFBC}") = "ClassLibrary1", "ClassLibrary1\ClassLibrary1.csproj", "{31414C27-825E-48A8-B281-45B0F5174A53}"
EndProject
Global
	GlobalSection(SolutionConfigurationPlatforms) = preSolution
		Debug|Any CPU = Debug|Any CPU
		Release|Any CPU = Release|Any CPU
	EndGlobalSection
	GlobalSection(ProjectConfigurationPlatforms) = postSolution
		{C04E9982-55E6-463E-BB2C-B8B3F995B8FA}.Debug|Any CPU.ActiveCfg = Debug|Any CPU
		{C04E9982-55E6-463E-BB2C-B8B3F995B8FA}.Debug|Any CPU.Build.0 = Debug|Any CPU
		{C04E9982-55E6-463E-BB2C-B8B3F995B8FA}.Release|Any CPU.ActiveCfg = Release|Any CPU
		{C04E9982-55E6-463E-BB2C-B8B3F995B8FA}.Release|Any CPU.Build.0 = Release|Any CPU
		{31414C27-825E-48A8-B281-45B0F5174A53}.Debug|Any CPU.ActiveCfg = Debug|Any CPU
		{31414C27-825E-48A8-B281-45B0F5174A53}.Debug|Any CPU.Build.0 = Debug|Any CPU
		{31414C27-825E-48A8-B281-45B0F5174A53}.Release|Any CPU.ActiveCfg = Release|Any CPU
		{31414C27-825E-48A8-B281-45B0F5174A53}.Release|Any CPU.Build.0 = Release|Any CPU
	EndGlobalSection
	GlobalSection(SolutionProperties) = preSolution
		HideSolutionNode = FALSE
	EndGlobalSection
	GlobalSection(ExtensibilityGlobals) = postSolution
		SolutionGuid = {C7449253-9ACF-4D72-9D4C-DA731A1325CB}
	EndGlobalSection
EndGlobal
